
Microsoft Visual Studio Solution File, Format Version 12.00
# Visual Studio Version 17
VisualStudioVersion = 17.8.34330.188
MinimumVisualStudioVersion = 10.0.40219.1
Project("{FAE04EC0-301F-11D3-BF4B-00C04F79EFBC}") = "Assignment14", "Assignment14\Assignment14.csproj", "{A8314141-1AAC-49E3-A0AD-92B32BC3C14C}"
EndProject
Global
	GlobalSection(SolutionConfigurationPlatforms) = preSolution
		Debug|Any CPU = Debug|Any CPU
		Release|Any CPU = Release|Any CPU
	EndGlobalSection
	GlobalSection(ProjectConfigurationPlatforms) = postSolution
		{A8314141-1AAC-49E3-A0AD-92B32BC3C14C}.Debug|Any CPU.ActiveCfg = Debug|Any CPU
		{A8314141-1AAC-49E3-A0AD-92B32BC3C14C}.Debug|Any CPU.Build.0 = Debug|Any CPU
		{A8314141-1AAC-49E3-A0AD-92B32BC3C14C}.Release|Any CPU.ActiveCfg = Release|Any CPU
		{A8314141-1AAC-49E3-A0AD-92B32BC3C14C}.Release|Any CPU.Build.0 = Release|Any CPU
	EndGlobalSection
	GlobalSection(SolutionProperties) = preSolution
		HideSolutionNode = FALSE
	EndGlobalSection
	GlobalSection(ExtensibilityGlobals) = postSolution
		SolutionGuid = {84589149-D953-4FFF-80B8-B99455F39614}
	EndGlobalSection
EndGlobal
